
Microsoft Visual Studio Solution File, Format Version 12.00
# Visual Studio Version 17
VisualStudioVersion = 17.11.35327.3
MinimumVisualStudioVersion = 10.0.40219.1
Project("{FAE04EC0-301F-11D3-BF4B-00C04F79EFBC}") = "Recipes", "Recipes\Recipes.csproj", "{FAA0B7A4-64ED-483A-930E-82F7F7F55AE7}"
EndProject
Global
	GlobalSection(SolutionConfigurationPlatforms) = preSolution
		Debug|Any CPU = Debug|Any CPU
		Release|Any CPU = Release|Any CPU
	EndGlobalSection
	GlobalSection(ProjectConfigurationPlatforms) = postSolution
		{FAA0B7A4-64ED-483A-930E-82F7F7F55AE7}.Debug|Any CPU.ActiveCfg = Debug|Any CPU
		{FAA0B7A4-64ED-483A-930E-82F7F7F55AE7}.Debug|Any CPU.Build.0 = Debug|Any CPU
		{FAA0B7A4-64ED-483A-930E-82F7F7F55AE7}.Debug|Any CPU.Deploy.0 = Debug|Any CPU
		{FAA0B7A4-64ED-483A-930E-82F7F7F55AE7}.Release|Any CPU.ActiveCfg = Release|Any CPU
		{FAA0B7A4-64ED-483A-930E-82F7F7F55AE7}.Release|Any CPU.Build.0 = Release|Any CPU
		{FAA0B7A4-64ED-483A-930E-82F7F7F55AE7}.Release|Any CPU.Deploy.0 = Release|Any CPU
	EndGlobalSection
	GlobalSection(SolutionProperties) = preSolution
		HideSolutionNode = FALSE
	EndGlobalSection
	GlobalSection(ExtensibilityGlobals) = postSolution
		SolutionGuid = {63A88761-4841-4A38-B139-16819535DAA3}
	EndGlobalSection
EndGlobal
